// !$*UTF8*$!
{
	archiveVersion = 1;
	classes = {
	};
	objectVersion = 77;
	objects = {

/* Begin PBXBuildFile section */
		D27AA9032DAD78F000740EAE /* FirebaseAnalytics in Frameworks */ = {isa = PBXBuildFile; productRef = D27AA9022DAD78F000740EAE /* FirebaseAnalytics */; };
		D27AA9052DAD78F000740EAE /* FirebaseAuth in Frameworks */ = {isa = PBXBuildFile; productRef = D27AA9042DAD78F000740EAE /* FirebaseAuth */; };
		D27AA9072DAD78F000740EAE /* FirebaseCore in Frameworks */ = {isa = PBXBuildFile; productRef = D27AA9062DAD78F000740EAE /* FirebaseCore */; };
		D27AA9092DAD78F000740EAE /* FirebaseDatabase in Frameworks */ = {isa = PBXBuildFile; productRef = D27AA9082DAD78F000740EAE /* FirebaseDatabase */; };
		D27AA90B2DAD78F000740EAE /* FirebaseFirestore in Frameworks */ = {isa = PBXBuildFile; productRef = D27AA90A2DAD78F000740EAE /* FirebaseFirestore */; };
		D27AA90D2DAD78F000740EAE /* FirebaseInAppMessaging-Beta in Frameworks */ = {isa = PBXBuildFile; productRef = D27AA90C2DAD78F000740EAE /* FirebaseInAppMessaging-Beta */; };
		D27AA90F2DAD78F000740EAE /* FirebaseMessaging in Frameworks */ = {isa = PBXBuildFile; productRef = D27AA90E2DAD78F000740EAE /* FirebaseMessaging */; };
		D27AA9112DAD78F000740EAE /* FirebaseStorage in Frameworks */ = {isa = PBXBuildFile; productRef = D27AA9102DAD78F000740EAE /* FirebaseStorage */; };
/* End PBXBuildFile section */

/* Begin PBXContainerItemProxy section */
		D27AA8E52DAD775A00740EAE /* PBXContainerItemProxy */ = {
			isa = PBXContainerItemProxy;
			containerPortal = D27AA8CC2DAD775600740EAE /* Project object */;
			proxyType = 1;
			remoteGlobalIDString = D27AA8D32DAD775600740EAE;
			remoteInfo = Errands;
		};
		D27AA8EF2DAD775B00740EAE /* PBXContainerItemProxy */ = {
			isa = PBXContainerItemProxy;
			containerPortal = D27AA8CC2DAD775600740EAE /* Project object */;
			proxyType = 1;
			remoteGlobalIDString = D27AA8D32DAD775600740EAE;
			remoteInfo = Errands;
		};
/* End PBXContainerItemProxy section */

/* Begin PBXFileReference section */
		D27AA8D42DAD775600740EAE /* Errands.app */ = {isa = PBXFileReference; explicitFileType = wrapper.application; includeInIndex = 0; path = Errands.app; sourceTree = BUILT_PRODUCTS_DIR; };
		D27AA8E42DAD775A00740EAE /* ErrandsTests.xctest */ = {isa = PBXFileReference; explicitFileType = wrapper.cfbundle; includeInIndex = 0; path = ErrandsTests.xctest; sourceTree = BUILT_PRODUCTS_DIR; };
		D27AA8EE2DAD775B00740EAE /* ErrandsUITests.xctest */ = {isa = PBXFileReference; explicitFileType = wrapper.cfbundle; includeInIndex = 0; path = ErrandsUITests.xctest; sourceTree = BUILT_PRODUCTS_DIR; };
/* End PBXFileReference section */

/* Begin PBXFileSystemSynchronizedRootGroup section */
		D27AA8D62DAD775600740EAE /* Errands */ = {
			isa = PBXFileSystemSynchronizedRootGroup;
			path = Errands;
			sourceTree = "<group>";
		};
		D27AA8E72DAD775A00740EAE /* ErrandsTests */ = {
			isa = PBXFileSystemSynchronizedRootGroup;
			path = ErrandsTests;
			sourceTree = "<group>";
		};
		D27AA8F12DAD775B00740EAE /* ErrandsUITests */ = {
			isa = PBXFileSystemSynchronizedRootGroup;
			path = ErrandsUITests;
			sourceTree = "<group>";
		};
/* End PBXFileSystemSynchronizedRootGroup section */

/* Begin PBXFrameworksBuildPhase section */
		D27AA8D12DAD775600740EAE /* Frameworks */ = {
			isa = PBXFrameworksBuildPhase;
			buildActionMask = 2147483647;
			files = (
				D27AA9032DAD78F000740EAE /* FirebaseAnalytics in Frameworks */,
				D27AA9072DAD78F000740EAE /* FirebaseCore in Frameworks */,
				D27AA90F2DAD78F000740EAE /* FirebaseMessaging in Frameworks */,
				D27AA9092DAD78F000740EAE /* FirebaseDatabase in Frameworks */,
				D27AA90B2DAD78F000740EAE /* FirebaseFirestore in Frameworks */,
				D27AA9112DAD78F000740EAE /* FirebaseStorage in Frameworks */,
				D27AA9052DAD78F000740EAE /* FirebaseAuth in Frameworks */,
				D27AA90D2DAD78F000740EAE /* FirebaseInAppMessaging-Beta in Frameworks */,
			);
			runOnlyForDeploymentPostprocessing = 0;
		};
		D27AA8E12DAD775A00740EAE /* Frameworks */ = {
			isa = PBXFrameworksBuildPhase;
			buildActionMask = 2147483647;
			files = (
			);
			runOnlyForDeploymentPostprocessing = 0;
		};
		D27AA8EB2DAD775A00740EAE /* Frameworks */ = {
			isa = PBXFrameworksBuildPhase;
			buildActionMask = 2147483647;
			files = (
			);
			runOnlyForDeploymentPostprocessing = 0;
		};
/* End PBXFrameworksBuildPhase section */

/* Begin PBXGroup section */
		D27AA8CB2DAD775600740EAE = {
			isa = PBXGroup;
			children = (
				D27AA8D62DAD775600740EAE /* Errands */,
				D27AA8E72DAD775A00740EAE /* ErrandsTests */,
				D27AA8F12DAD775B00740EAE /* ErrandsUITests */,
				D27AA8D52DAD775600740EAE /* Products */,
			);
			sourceTree = "<group>";
		};
		D27AA8D52DAD775600740EAE /* Products */ = {
			isa = PBXGroup;
			children = (
				D27AA8D42DAD775600740EAE /* Errands.app */,
				D27AA8E42DAD775A00740EAE /* ErrandsTests.xctest */,
				D27AA8EE2DAD775B00740EAE /* ErrandsUITests.xctest */,
			);
			name = Products;
			sourceTree = "<group>";
		};
/* End PBXGroup section */

/* Begin PBXNativeTarget section */
		D27AA8D32DAD775600740EAE /* Errands */ = {
			isa = PBXNativeTarget;
			buildConfigurationList = D27AA8F82DAD775B00740EAE /* Build configuration list for PBXNativeTarget "Errands" */;
			buildPhases = (
				D27AA8D02DAD775600740EAE /* Sources */,
				D27AA8D12DAD775600740EAE /* Frameworks */,
				D27AA8D22DAD775600740EAE /* Resources */,
			);
			buildRules = (
			);
			dependencies = (
			);
			fileSystemSynchronizedGroups = (
				D27AA8D62DAD775600740EAE /* Errands */,
			);
			name = Errands;
			packageProductDependencies = (
				D27AA9022DAD78F000740EAE /* FirebaseAnalytics */,
				D27AA9042DAD78F000740EAE /* FirebaseAuth */,
				D27AA9062DAD78F000740EAE /* FirebaseCore */,
				D27AA9082DAD78F000740EAE /* FirebaseDatabase */,
				D27AA90A2DAD78F000740EAE /* FirebaseFirestore */,
				D27AA90C2DAD78F000740EAE /* FirebaseInAppMessaging-Beta */,
				D27AA90E2DAD78F000740EAE /* FirebaseMessaging */,
				D27AA9102DAD78F000740EAE /* FirebaseStorage */,
			);
			productName = Errands;
			productReference = D27AA8D42DAD775600740EAE /* Errands.app */;
			productType = "com.apple.product-type.application";
		};
		D27AA8E32DAD775A00740EAE /* ErrandsTests */ = {
			isa = PBXNativeTarget;
			buildConfigurationList = D27AA8FB2DAD775B00740EAE /* Build configuration list for PBXNativeTarget "ErrandsTests" */;
			buildPhases = (
				D27AA8E02DAD775A00740EAE /* Sources */,
				D27AA8E12DAD775A00740EAE /* Frameworks */,
				D27AA8E22DAD775A00740EAE /* Resources */,
			);
			buildRules = (
			);
			dependencies = (
				D27AA8E62DAD775A00740EAE /* PBXTargetDependency */,
			);
			fileSystemSynchronizedGroups = (
				D27AA8E72DAD775A00740EAE /* ErrandsTests */,
			);
			name = ErrandsTests;
			packageProductDependencies = (
			);
			productName = ErrandsTests;
			productReference = D27AA8E42DAD775A00740EAE /* ErrandsTests.xctest */;
			productType = "com.apple.product-type.bundle.unit-test";
		};
		D27AA8ED2DAD775A00740EAE /* ErrandsUITests */ = {
			isa = PBXNativeTarget;
			buildConfigurationList = D27AA8FE2DAD775B00740EAE /* Build configuration list for PBXNativeTarget "ErrandsUITests" */;
			buildPhases = (
				D27AA8EA2DAD775A00740EAE /* Sources */,
				D27AA8EB2DAD775A00740EAE /* Frameworks */,
				D27AA8EC2DAD775A00740EAE /* Resources */,
			);
			buildRules = (
			);
			dependencies = (
				D27AA8F02DAD775B00740EAE /* PBXTargetDependency */,
			);
			fileSystemSynchronizedGroups = (
				D27AA8F12DAD775B00740EAE /* ErrandsUITests */,
			);
			name = ErrandsUITests;
			packageProductDependencies = (
			);
			productName = ErrandsUITests;
			productReference = D27AA8EE2DAD775B00740EAE /* ErrandsUITests.xctest */;
			productType = "com.apple.product-type.bundle.ui-testing";
		};
/* End PBXNativeTarget section */

/* Begin PBXProject section */
		D27AA8CC2DAD775600740EAE /* Project object */ = {
			isa = PBXProject;
			attributes = {
				BuildIndependentTargetsInParallel = 1;
				LastSwiftUpdateCheck = 1600;
				LastUpgradeCheck = 1600;
				TargetAttributes = {
					D27AA8D32DAD775600740EAE = {
						CreatedOnToolsVersion = 16.0;
					};
					D27AA8E32DAD775A00740EAE = {
						CreatedOnToolsVersion = 16.0;
						TestTargetID = D27AA8D32DAD775600740EAE;
					};
					D27AA8ED2DAD775A00740EAE = {
						CreatedOnToolsVersion = 16.0;
						TestTargetID = D27AA8D32DAD775600740EAE;
					};
				};
			};
			buildConfigurationList = D27AA8CF2DAD775600740EAE /* Build configuration list for PBXProject "Errands" */;
			developmentRegion = en;
			hasScannedForEncodings = 0;
			knownRegions = (
				en,
				Base,
			);
			mainGroup = D27AA8CB2DAD775600740EAE;
			minimizedProjectReferenceProxies = 1;
			packageReferences = (
				D27AA9012DAD78F000740EAE /* XCRemoteSwiftPackageReference "firebase-ios-sdk" */,
			);
			preferredProjectObjectVersion = 77;
			productRefGroup = D27AA8D52DAD775600740EAE /* Products */;
			projectDirPath = "";
			projectRoot = "";
			targets = (
				D27AA8D32DAD775600740EAE /* Errands */,
				D27AA8E32DAD775A00740EAE /* ErrandsTests */,
				D27AA8ED2DAD775A00740EAE /* ErrandsUITests */,
			);
		};
/* End PBXProject section */

/* Begin PBXResourcesBuildPhase section */
		D27AA8D22DAD775600740EAE /* Resources */ = {
			isa = PBXResourcesBuildPhase;
			buildActionMask = 2147483647;
			files = (
			);
			runOnlyForDeploymentPostprocessing = 0;
		};
		D27AA8E22DAD775A00740EAE /* Resources */ = {
			isa = PBXResourcesBuildPhase;
			buildActionMask = 2147483647;
			files = (
			);
			runOnlyForDeploymentPostprocessing = 0;
		};
		D27AA8EC2DAD775A00740EAE /* Resources */ = {
			isa = PBXResourcesBuildPhase;
			buildActionMask = 2147483647;
			files = (
			);
			runOnlyForDeploymentPostprocessing = 0;
		};
/* End PBXResourcesBuildPhase section */

/* Begin PBXSourcesBuildPhase section */
		D27AA8D02DAD775600740EAE /* Sources */ = {
			isa = PBXSourcesBuildPhase;
			buildActionMask = 2147483647;
			files = (
			);
			runOnlyForDeploymentPostprocessing = 0;
		};
		D27AA8E02DAD775A00740EAE /* Sources */ = {
			isa = PBXSourcesBuildPhase;
			buildActionMask = 2147483647;
			files = (
			);
			runOnlyForDeploymentPostprocessing = 0;
		};
		D27AA8EA2DAD775A00740EAE /* Sources */ = {
			isa = PBXSourcesBuildPhase;
			buildActionMask = 2147483647;
			files = (
			);
			runOnlyForDeploymentPostprocessing = 0;
		};
/* End PBXSourcesBuildPhase section */

/* Begin PBXTargetDependency section */
		D27AA8E62DAD775A00740EAE /* PBXTargetDependency */ = {
			isa = PBXTargetDependency;
			target = D27AA8D32DAD775600740EAE /* Errands */;
			targetProxy = D27AA8E52DAD775A00740EAE /* PBXContainerItemProxy */;
		};
		D27AA8F02DAD775B00740EAE /* PBXTargetDependency */ = {
			isa = PBXTargetDependency;
			target = D27AA8D32DAD775600740EAE /* Errands */;
			targetProxy = D27AA8EF2DAD775B00740EAE /* PBXContainerItemProxy */;
		};
/* End PBXTargetDependency section */

/* Begin XCBuildConfiguration section */
		D27AA8F62DAD775B00740EAE /* Debug */ = {
			isa = XCBuildConfiguration;
			buildSettings = {
				ALWAYS_SEARCH_USER_PATHS = NO;
				ASSETCATALOG_COMPILER_GENERATE_SWIFT_ASSET_SYMBOL_EXTENSIONS = YES;
				CLANG_ANALYZER_NONNULL = YES;
				CLANG_ANALYZER_NUMBER_OBJECT_CONVERSION = YES_AGGRESSIVE;
				CLANG_CXX_LANGUAGE_STANDARD = "gnu++20";
				CLANG_ENABLE_MODULES = YES;
				CLANG_ENABLE_OBJC_ARC = YES;
				CLANG_ENABLE_OBJC_WEAK = YES;
				CLANG_WARN_BLOCK_CAPTURE_AUTORELEASING = YES;
				CLANG_WARN_BOOL_CONVERSION = YES;
				CLANG_WARN_COMMA = YES;
				CLANG_WARN_CONSTANT_CONVERSION = YES;
				CLANG_WARN_DEPRECATED_OBJC_IMPLEMENTATIONS = YES;
				CLANG_WARN_DIRECT_OBJC_ISA_USAGE = YES_ERROR;
				CLANG_WARN_DOCUMENTATION_COMMENTS = YES;
				CLANG_WARN_EMPTY_BODY = YES;
				CLANG_WARN_ENUM_CONVERSION = YES;
				CLANG_WARN_INFINITE_RECURSION = YES;
				CLANG_WARN_INT_CONVERSION = YES;
				CLANG_WARN_NON_LITERAL_NULL_CONVERSION = YES;
				CLANG_WARN_OBJC_IMPLICIT_RETAIN_SELF = YES;
				CLANG_WARN_OBJC_LITERAL_CONVERSION = YES;
				CLANG_WARN_OBJC_ROOT_CLASS = YES_ERROR;
				CLANG_WARN_QUOTED_INCLUDE_IN_FRAMEWORK_HEADER = YES;
				CLANG_WARN_RANGE_LOOP_ANALYSIS = YES;
				CLANG_WARN_STRICT_PROTOTYPES = YES;
				CLANG_WARN_SUSPICIOUS_MOVE = YES;
				CLANG_WARN_UNGUARDED_AVAILABILITY = YES_AGGRESSIVE;
				CLANG_WARN_UNREACHABLE_CODE = YES;
				CLANG_WARN__DUPLICATE_METHOD_MATCH = YES;
				COPY_PHASE_STRIP = NO;
				DEBUG_INFORMATION_FORMAT = dwarf;
				ENABLE_STRICT_OBJC_MSGSEND = YES;
				ENABLE_TESTABILITY = YES;
				ENABLE_USER_SCRIPT_SANDBOXING = YES;
				GCC_C_LANGUAGE_STANDARD = gnu17;
				GCC_DYNAMIC_NO_PIC = NO;
				GCC_NO_COMMON_BLOCKS = YES;
				GCC_OPTIMIZATION_LEVEL = 0;
				GCC_PREPROCESSOR_DEFINITIONS = (
					"DEBUG=1",
					"$(inherited)",
				);
				GCC_WARN_64_TO_32_BIT_CONVERSION = YES;
				GCC_WARN_ABOUT_RETURN_TYPE = YES_ERROR;
				GCC_WARN_UNDECLARED_SELECTOR = YES;
				GCC_WARN_UNINITIALIZED_AUTOS = YES_AGGRESSIVE;
				GCC_WARN_UNUSED_FUNCTION = YES;
				GCC_WARN_UNUSED_VARIABLE = YES;
				IPHONEOS_DEPLOYMENT_TARGET = 18.0;
				LOCALIZATION_PREFERS_STRING_CATALOGS = YES;
				MTL_ENABLE_DEBUG_INFO = INCLUDE_SOURCE;
				MTL_FAST_MATH = YES;
				ONLY_ACTIVE_ARCH = YES;
				SDKROOT = iphoneos;
				SWIFT_ACTIVE_COMPILATION_CONDITIONS = "DEBUG $(inherited)";
				SWIFT_OPTIMIZATION_LEVEL = "-Onone";
			};
			name = Debug;
		};
		D27AA8F72DAD775B00740EAE /* Release */ = {
			isa = XCBuildConfiguration;
			buildSettings = {
				ALWAYS_SEARCH_USER_PATHS = NO;
				ASSETCATALOG_COMPILER_GENERATE_SWIFT_ASSET_SYMBOL_EXTENSIONS = YES;
				CLANG_ANALYZER_NONNULL = YES;
				CLANG_ANALYZER_NUMBER_OBJECT_CONVERSION = YES_AGGRESSIVE;
				CLANG_CXX_LANGUAGE_STANDARD = "gnu++20";
				CLANG_ENABLE_MODULES = YES;
				CLANG_ENABLE_OBJC_ARC = YES;
				CLANG_ENABLE_OBJC_WEAK = YES;
				CLANG_WARN_BLOCK_CAPTURE_AUTORELEASING = YES;
				CLANG_WARN_BOOL_CONVERSION = YES;
				CLANG_WARN_COMMA = YES;
				CLANG_WARN_CONSTANT_CONVERSION = YES;
				CLANG_WARN_DEPRECATED_OBJC_IMPLEMENTATIONS = YES;
				CLANG_WARN_DIRECT_OBJC_ISA_USAGE = YES_ERROR;
				CLANG_WARN_DOCUMENTATION_COMMENTS = YES;
				CLANG_WARN_EMPTY_BODY = YES;
				CLANG_WARN_ENUM_CONVERSION = YES;
				CLANG_WARN_INFINITE_RECURSION = YES;
				CLANG_WARN_INT_CONVERSION = YES;
				CLANG_WARN_NON_LITERAL_NULL_CONVERSION = YES;
				CLANG_WARN_OBJC_IMPLICIT_RETAIN_SELF = YES;
				CLANG_WARN_OBJC_LITERAL_CONVERSION = YES;
				CLANG_WARN_OBJC_ROOT_CLASS = YES_ERROR;
				CLANG_WARN_QUOTED_INCLUDE_IN_FRAMEWORK_HEADER = YES;
				CLANG_WARN_RANGE_LOOP_ANALYSIS = YES;
				CLANG_WARN_STRICT_PROTOTYPES = YES;
				CLANG_WARN_SUSPICIOUS_MOVE = YES;
				CLANG_WARN_UNGUARDED_AVAILABILITY = YES_AGGRESSIVE;
				CLANG_WARN_UNREACHABLE_CODE = YES;
				CLANG_WARN__DUPLICATE_METHOD_MATCH = YES;
				COPY_PHASE_STRIP = NO;
				DEBUG_INFORMATION_FORMAT = "dwarf-with-dsym";
				ENABLE_NS_ASSERTIONS = NO;
				ENABLE_STRICT_OBJC_MSGSEND = YES;
				ENABLE_USER_SCRIPT_SANDBOXING = YES;
				GCC_C_LANGUAGE_STANDARD = gnu17;
				GCC_NO_COMMON_BLOCKS = YES;
				GCC_WARN_64_TO_32_BIT_CONVERSION = YES;
				GCC_WARN_ABOUT_RETURN_TYPE = YES_ERROR;
				GCC_WARN_UNDECLARED_SELECTOR = YES;
				GCC_WARN_UNINITIALIZED_AUTOS = YES_AGGRESSIVE;
				GCC_WARN_UNUSED_FUNCTION = YES;
				GCC_WARN_UNUSED_VARIABLE = YES;
				IPHONEOS_DEPLOYMENT_TARGET = 18.0;
				LOCALIZATION_PREFERS_STRING_CATALOGS = YES;
				MTL_ENABLE_DEBUG_INFO = NO;
				MTL_FAST_MATH = YES;
				SDKROOT = iphoneos;
				SWIFT_COMPILATION_MODE = wholemodule;
				VALIDATE_PRODUCT = YES;
			};
			name = Release;
		};
		D27AA8F92DAD775B00740EAE /* Debug */ = {
			isa = XCBuildConfiguration;
			buildSettings = {
				ASSETCATALOG_COMPILER_APPICON_NAME = AppIcon;
				ASSETCATALOG_COMPILER_GLOBAL_ACCENT_COLOR_NAME = AccentColor;
				CODE_SIGN_STYLE = Automatic;
				CURRENT_PROJECT_VERSION = 1;
				DEVELOPMENT_ASSET_PATHS = "\"Errands/Preview Content\"";
				ENABLE_PREVIEWS = YES;
				GENERATE_INFOPLIST_FILE = YES;
				INFOPLIST_KEY_LSApplicationCategoryType = "public.app-category.utilities";
				INFOPLIST_KEY_UIApplicationSceneManifest_Generation = YES;
				INFOPLIST_KEY_UIApplicationSupportsIndirectInputEvents = YES;
				INFOPLIST_KEY_UILaunchScreen_Generation = YES;
				INFOPLIST_KEY_UISupportedInterfaceOrientations_iPad = "UIInterfaceOrientationPortrait UIInterfaceOrientationPortraitUpsideDown UIInterfaceOrientationLandscapeLeft UIInterfaceOrientationLandscapeRight";
				INFOPLIST_KEY_UISupportedInterfaceOrientations_iPhone = "UIInterfaceOrientationPortrait UIInterfaceOrientationLandscapeLeft UIInterfaceOrientationLandscapeRight";
				IPHONEOS_DEPLOYMENT_TARGET = 16.6;
				LD_RUNPATH_SEARCH_PATHS = (
					"$(inherited)",
					"@executable_path/Frameworks",
				);
				MARKETING_VERSION = 1.0;
				PRODUCT_BUNDLE_IDENTIFIER = com.mmbdev.errands;
				PRODUCT_NAME = "$(TARGET_NAME)";
				SWIFT_EMIT_LOC_STRINGS = YES;
				SWIFT_VERSION = 5.0;
				TARGETED_DEVICE_FAMILY = "1,2";
			};
			name = Debug;
		};
		D27AA8FA2DAD775B00740EAE /* Release */ = {
			isa = XCBuildConfiguration;
			buildSettings = {
				ASSETCATALOG_COMPILER_APPICON_NAME = AppIcon;
				ASSETCATALOG_COMPILER_GLOBAL_ACCENT_COLOR_NAME = AccentColor;
				CODE_SIGN_STYLE = Automatic;
				CURRENT_PROJECT_VERSION = 1;
				DEVELOPMENT_ASSET_PATHS = "\"Errands/Preview Content\"";
				ENABLE_PREVIEWS = YES;
				GENERATE_INFOPLIST_FILE = YES;
				INFOPLIST_KEY_LSApplicationCategoryType = "public.app-category.utilities";
				INFOPLIST_KEY_UIApplicationSceneManifest_Generation = YES;
				INFOPLIST_KEY_UIApplicationSupportsIndirectInputEvents = YES;
				INFOPLIST_KEY_UILaunchScreen_Generation = YES;
				INFOPLIST_KEY_UISupportedInterfaceOrientations_iPad = "UIInterfaceOrientationPortrait UIInterfaceOrientationPortraitUpsideDown UIInterfaceOrientationLandscapeLeft UIInterfaceOrientationLandscapeRight";
				INFOPLIST_KEY_UISupportedInterfaceOrientations_iPhone = "UIInterfaceOrientationPortrait UIInterfaceOrientationLandscapeLeft UIInterfaceOrientationLandscapeRight";
				IPHONEOS_DEPLOYMENT_TARGET = 16.6;
				LD_RUNPATH_SEARCH_PATHS = (
					"$(inherited)",
					"@executable_path/Frameworks",
				);
				MARKETING_VERSION = 1.0;
				PRODUCT_BUNDLE_IDENTIFIER = com.mmbdev.errands;
				PRODUCT_NAME = "$(TARGET_NAME)";
				SWIFT_EMIT_LOC_STRINGS = YES;
				SWIFT_VERSION = 5.0;
				TARGETED_DEVICE_FAMILY = "1,2";
			};
			name = Release;
		};
		D27AA8FC2DAD775B00740EAE /* Debug */ = {
			isa = XCBuildConfiguration;
			buildSettings = {
				BUNDLE_LOADER = "$(TEST_HOST)";
				CODE_SIGN_STYLE = Automatic;
				CURRENT_PROJECT_VERSION = 1;
				GENERATE_INFOPLIST_FILE = YES;
				IPHONEOS_DEPLOYMENT_TARGET = 18.0;
				MARKETING_VERSION = 1.0;
				PRODUCT_BUNDLE_IDENTIFIER = com.mmbdev.errands.ErrandsTests;
				PRODUCT_NAME = "$(TARGET_NAME)";
				SWIFT_EMIT_LOC_STRINGS = NO;
				SWIFT_VERSION = 5.0;
				TARGETED_DEVICE_FAMILY = "1,2";
				TEST_HOST = "$(BUILT_PRODUCTS_DIR)/Errands.app/$(BUNDLE_EXECUTABLE_FOLDER_PATH)/Errands";
			};
			name = Debug;
		};
		D27AA8FD2DAD775B00740EAE /* Release */ = {
			isa = XCBuildConfiguration;
			buildSettings = {
				BUNDLE_LOADER = "$(TEST_HOST)";
				CODE_SIGN_STYLE = Automatic;
				CURRENT_PROJECT_VERSION = 1;
				GENERATE_INFOPLIST_FILE = YES;
				IPHONEOS_DEPLOYMENT_TARGET = 18.0;
				MARKETING_VERSION = 1.0;
				PRODUCT_BUNDLE_IDENTIFIER = com.mmbdev.errands.ErrandsTests;
				PRODUCT_NAME = "$(TARGET_NAME)";
				SWIFT_EMIT_LOC_STRINGS = NO;
				SWIFT_VERSION = 5.0;
				TARGETED_DEVICE_FAMILY = "1,2";
				TEST_HOST = "$(BUILT_PRODUCTS_DIR)/Errands.app/$(BUNDLE_EXECUTABLE_FOLDER_PATH)/Errands";
			};
			name = Release;
		};
		D27AA8FF2DAD775B00740EAE /* Debug */ = {
			isa = XCBuildConfiguration;
			buildSettings = {
				CODE_SIGN_STYLE = Automatic;
				CURRENT_PROJECT_VERSION = 1;
				GENERATE_INFOPLIST_FILE = YES;
				MARKETING_VERSION = 1.0;
				PRODUCT_BUNDLE_IDENTIFIER = com.mmbdev.errands.ErrandsUITests;
				PRODUCT_NAME = "$(TARGET_NAME)";
				SWIFT_EMIT_LOC_STRINGS = NO;
				SWIFT_VERSION = 5.0;
				TARGETED_DEVICE_FAMILY = "1,2";
				TEST_TARGET_NAME = Errands;
			};
			name = Debug;
		};
		D27AA9002DAD775B00740EAE /* Release */ = {
			isa = XCBuildConfiguration;
			buildSettings = {
				CODE_SIGN_STYLE = Automatic;
				CURRENT_PROJECT_VERSION = 1;
				GENERATE_INFOPLIST_FILE = YES;
				MARKETING_VERSION = 1.0;
				PRODUCT_BUNDLE_IDENTIFIER = com.mmbdev.errands.ErrandsUITests;
				PRODUCT_NAME = "$(TARGET_NAME)";
				SWIFT_EMIT_LOC_STRINGS = NO;
				SWIFT_VERSION = 5.0;
				TARGETED_DEVICE_FAMILY = "1,2";
				TEST_TARGET_NAME = Errands;
			};
			name = Release;
		};
/* End XCBuildConfiguration section */

/* Begin XCConfigurationList section */
		D27AA8CF2DAD775600740EAE /* Build configuration list for PBXProject "Errands" */ = {
			isa = XCConfigurationList;
			buildConfigurations = (
				D27AA8F62DAD775B00740EAE /* Debug */,
				D27AA8F72DAD775B00740EAE /* Release */,
			);
			defaultConfigurationIsVisible = 0;
			defaultConfigurationName = Release;
		};
		D27AA8F82DAD775B00740EAE /* Build configuration list for PBXNativeTarget "Errands" */ = {
			isa = XCConfigurationList;
			buildConfigurations = (
				D27AA8F92DAD775B00740EAE /* Debug */,
				D27AA8FA2DAD775B00740EAE /* Release */,
			);
			defaultConfigurationIsVisible = 0;
			defaultConfigurationName = Release;
		};
		D27AA8FB2DAD775B00740EAE /* Build configuration list for PBXNativeTarget "ErrandsTests" */ = {
			isa = XCConfigurationList;
			buildConfigurations = (
				D27AA8FC2DAD775B00740EAE /* Debug */,
				D27AA8FD2DAD775B00740EAE /* Release */,
			);
			defaultConfigurationIsVisible = 0;
			defaultConfigurationName = Release;
		};
		D27AA8FE2DAD775B00740EAE /* Build configuration list for PBXNativeTarget "ErrandsUITests" */ = {
			isa = XCConfigurationList;
			buildConfigurations = (
				D27AA8FF2DAD775B00740EAE /* Debug */,
				D27AA9002DAD775B00740EAE /* Release */,
			);
			defaultConfigurationIsVisible = 0;
			defaultConfigurationName = Release;
		};
/* End XCConfigurationList section */

/* Begin XCRemoteSwiftPackageReference section */
		D27AA9012DAD78F000740EAE /* XCRemoteSwiftPackageReference "firebase-ios-sdk" */ = {
			isa = XCRemoteSwiftPackageReference;
			repositoryURL = "https://github.com/firebase/firebase-ios-sdk";
			requirement = {
				kind = upToNextMajorVersion;
				minimumVersion = 11.11.0;
			};
		};
/* End XCRemoteSwiftPackageReference section */

/* Begin XCSwiftPackageProductDependency section */
		D27AA9022DAD78F000740EAE /* FirebaseAnalytics */ = {
			isa = XCSwiftPackageProductDependency;
			package = D27AA9012DAD78F000740EAE /* XCRemoteSwiftPackageReference "firebase-ios-sdk" */;
			productName = FirebaseAnalytics;
		};
		D27AA9042DAD78F000740EAE /* FirebaseAuth */ = {
			isa = XCSwiftPackageProductDependency;
			package = D27AA9012DAD78F000740EAE /* XCRemoteSwiftPackageReference "firebase-ios-sdk" */;
			productName = FirebaseAuth;
		};
		D27AA9062DAD78F000740EAE /* FirebaseCore */ = {
			isa = XCSwiftPackageProductDependency;
			package = D27AA9012DAD78F000740EAE /* XCRemoteSwiftPackageReference "firebase-ios-sdk" */;
			productName = FirebaseCore;
		};
		D27AA9082DAD78F000740EAE /* FirebaseDatabase */ = {
			isa = XCSwiftPackageProductDependency;
			package = D27AA9012DAD78F000740EAE /* XCRemoteSwiftPackageReference "firebase-ios-sdk" */;
			productName = FirebaseDatabase;
		};
		D27AA90A2DAD78F000740EAE /* FirebaseFirestore */ = {
			isa = XCSwiftPackageProductDependency;
			package = D27AA9012DAD78F000740EAE /* XCRemoteSwiftPackageReference "firebase-ios-sdk" */;
			productName = FirebaseFirestore;
		};
		D27AA90C2DAD78F000740EAE /* FirebaseInAppMessaging-Beta */ = {
			isa = XCSwiftPackageProductDependency;
			package = D27AA9012DAD78F000740EAE /* XCRemoteSwiftPackageReference "firebase-ios-sdk" */;
			productName = "FirebaseInAppMessaging-Beta";
		};
		D27AA90E2DAD78F000740EAE /* FirebaseMessaging */ = {
			isa = XCSwiftPackageProductDependency;
			package = D27AA9012DAD78F000740EAE /* XCRemoteSwiftPackageReference "firebase-ios-sdk" */;
			productName = FirebaseMessaging;
		};
		D27AA9102DAD78F000740EAE /* FirebaseStorage */ = {
			isa = XCSwiftPackageProductDependency;
			package = D27AA9012DAD78F000740EAE /* XCRemoteSwiftPackageReference "firebase-ios-sdk" */;
			productName = FirebaseStorage;
		};
/* End XCSwiftPackageProductDependency section */
	};
	rootObject = D27AA8CC2DAD775600740EAE /* Project object */;
}
